# This file is automatically @generated by Cargo.
# It is not intended for manual editing.
version = 4

[[package]]
name = "bitflags"
version = "2.11.0"
source = "registry+https://github.com/rust-lang/crates.io-index"
checksum = "843867be96c8daad0d758b57df9392b6d8d271134fce549de6ce169ff98a92af"

[[package]]
name = "heck"
version = "0.5.0"
source = "registry+https://github.com/rust-lang/crates.io-index"
checksum = "2304e00983f87ffb38b55b444b5e3b60a884b5d30c0fca7d82fe33449bbe55ea"

[[package]]
name = "libc"
version = "0.2.182"
source = "registry+https://github.com/rust-lang/crates.io-index"
checksum = "6800badb6cb2082ffd7b6a67e6125bb39f18782f793520caee8cb8846be06112"

[[package]]
name = "memchr"
version = "2.8.0"
source = "registry+https://github.com/rust-lang/crates.io-index"
checksum = "f8ca58f447f06ed17d5fc4043ce1b10dd205e060fb3ce5b979b8ed8e59ff3f79"

[[package]]
name = "once_cell"
version = "1.21.3"
source = "registry+https://github.com/rust-lang/crates.io-index"
checksum = "42f5e15c9953c5e4ccceeb2e7382a716482c34515315f7b03532b8b4e8393d2d"

[[package]]
name = "portable-atomic"
version = "1.13.1"
source = "registry+https://github.com/rust-lang/crates.io-index"
checksum = "c33a9471896f1c69cecef8d20cbe2f7accd12527ce60845ff44c153bb2a21b49"

[[package]]
name = "proc-macro2"
version = "1.0.106"
source = "registry+https://github.com/rust-lang/crates.io-index"
checksum = "8fd00f0bb2e90d81d1044c2b32617f68fcb9fa3bb7640c23e9c748e53fb30934"
dependencies = [
 "unicode-ident",
]

[[package]]
name = "pulldown-cmark"
version = "0.13.0"
source = "registry+https://github.com/rust-lang/crates.io-index"
checksum = "1e8bbe1a966bd2f362681a44f6edce3c2310ac21e4d5067a6e7ec396297a6ea0"
dependencies = [
 "bitflags",
 "memchr",
 "pulldown-cmark-escape",
 "serde",
 "unicase",
]

[[package]]
name = "pulldown-cmark-escape"
version = "0.11.0"
source = "registry+https://github.com/rust-lang/crates.io-index"
checksum = "007d8adb5ddab6f8e3f491ac63566a7d5002cc7ed73901f72057943fa71ae1ae"

[[package]]
name = "pyo3"
version = "0.28.2"
source = "registry+https://github.com/rust-lang/crates.io-index"
checksum = "cf85e27e86080aafd5a22eae58a162e133a589551542b3e5cee4beb27e54f8e1"
dependencies = [
 "libc",
 "once_cell",
 "portable-atomic",
 "pyo3-build-config",
 "pyo3-ffi",
 "pyo3-macros",
]

[[package]]
name = "pyo3-build-config"
version = "0.28.2"
source = "registry+https://github.com/rust-lang/crates.io-index"
checksum = "8bf94ee265674bf76c09fa430b0e99c26e319c945d96ca0d5a8215f31bf81cf7"
dependencies = [
 "target-lexicon",
]

[[package]]
name = "pyo3-ffi"
version = "0.28.2"
source = "registry+https://github.com/rust-lang/crates.io-index"
checksum = "491aa5fc66d8059dd44a75f4580a2962c1862a1c2945359db36f6c2818b748dc"
dependencies = [
 "libc",
 "pyo3-build-config",
]

[[package]]
name = "pyo3-macros"
version = "0.28.2"
source = "registry+https://github.com/rust-lang/crates.io-index"
checksum = "f5d671734e9d7a43449f8480f8b38115df67bef8d21f76837fa75ee7aaa5e52e"
dependencies = [
 "proc-macro2",
 "pyo3-macros-backend",
 "quote",
 "syn",
]

[[package]]
name = "pyo3-macros-backend"
version = "0.28.2"
source = "registry+https://github.com/rust-lang/crates.io-index"
checksum = "22faaa1ce6c430a1f71658760497291065e6450d7b5dc2bcf254d49f66ee700a"
dependencies = [
 "heck",
 "proc-macro2",
 "pyo3-build-config",
 "quote",
 "syn",
]

[[package]]
name = "pyromark"
version = "0.9.8"
dependencies = [
 "pulldown-cmark",
 "pyo3",
 "pythonize",
]

[[package]]
name = "pythonize"
version = "0.28.0"
source = "registry+https://github.com/rust-lang/crates.io-index"
checksum = "0b79f670c9626c8b651c0581011b57b6ba6970bb69faf01a7c4c0cfc81c43f95"
dependencies = [
 "pyo3",
 "serde",
]

[[package]]
name = "quote"
version = "1.0.44"
source = "registry+https://github.com/rust-lang/crates.io-index"
checksum = "21b2ebcf727b7760c461f091f9f0f539b77b8e87f2fd88131e7f1b433b3cece4"
dependencies = [
 "proc-macro2",
]

[[package]]
name = "serde"
version = "1.0.228"
source = "registry+https://github.com/rust-lang/crates.io-index"
checksum = "9a8e94ea7f378bd32cbbd37198a4a91436180c5bb472411e48b5ec2e2124ae9e"
dependencies = [
 "serde_core",
 "serde_derive",
]

[[package]]
name = "serde_core"
version = "1.0.228"
source = "registry+https://github.com/rust-lang/crates.io-index"
checksum = "41d385c7d4ca58e59fc732af25c3983b67ac852c1a25000afe1175de458b67ad"
dependencies = [
 "serde_derive",
]

[[package]]
name = "serde_derive"
version = "1.0.228"
source = "registry+https://github.com/rust-lang/crates.io-index"
checksum = "d540f220d3187173da220f885ab66608367b6574e925011a9353e4badda91d79"
dependencies = [
 "proc-macro2",
 "quote",
 "syn",
]

[[package]]
name = "syn"
version = "2.0.117"
source = "registry+https://github.com/rust-lang/crates.io-index"
checksum = "e665b8803e7b1d2a727f4023456bbbbe74da67099c585258af0ad9c5013b9b99"
dependencies = [
 "proc-macro2",
 "quote",
 "unicode-ident",
]

[[package]]
name = "target-lexicon"
version = "0.13.5"
source = "registry+https://github.com/rust-lang/crates.io-index"
checksum = "adb6935a6f5c20170eeceb1a3835a49e12e19d792f6dd344ccc76a985ca5a6ca"

[[package]]
name = "unicase"
version = "2.9.0"
source = "registry+https://github.com/rust-lang/crates.io-index"
checksum = "dbc4bc3a9f746d862c45cb89d705aa10f187bb96c76001afab07a0d35ce60142"

[[package]]
name = "unicode-ident"
version = "1.0.24"
source = "registry+https://github.com/rust-lang/crates.io-index"
checksum = "e6e4313cd5fcd3dad5cafa179702e2b244f760991f45397d14d4ebf38247da75"
